
Microsoft Visual Studio Solution File, Format Version 12.00
# Visual Studio Version 17
VisualStudioVersion = 17.5.002.0
MinimumVisualStudioVersion = 10.0.40219.1
Project("{9A19103F-16F7-4668-BE54-9A1E7A4F7556}") = "helloworld_csharp_app2", "helloworld_csharp_app2.csproj", "{4B764653-278D-46E2-AD17-C785E3F65115}"
EndProject
Global
	GlobalSection(SolutionConfigurationPlatforms) = preSolution
		Debug|Any CPU = Debug|Any CPU
		Release|Any CPU = Release|Any CPU
	EndGlobalSection
	GlobalSection(ProjectConfigurationPlatforms) = postSolution
		{4B764653-278D-46E2-AD17-C785E3F65115}.Debug|Any CPU.ActiveCfg = Debug|Any CPU
		{4B764653-278D-46E2-AD17-C785E3F65115}.Debug|Any CPU.Build.0 = Debug|Any CPU
		{4B764653-278D-46E2-AD17-C785E3F65115}.Release|Any CPU.ActiveCfg = Release|Any CPU
		{4B764653-278D-46E2-AD17-C785E3F65115}.Release|Any CPU.Build.0 = Release|Any CPU
	EndGlobalSection
	GlobalSection(SolutionProperties) = preSolution
		HideSolutionNode = FALSE
	EndGlobalSection
	GlobalSection(ExtensibilityGlobals) = postSolution
		SolutionGuid = {67A48752-CD78-4276-AD17-B4863EFE2F6C}
	EndGlobalSection
EndGlobal
